
Microsoft Visual Studio Solution File, Format Version 11.00
# Visual Studio 2010
Project("{F184B08F-C81C-45F6-A57F-5ABD9991F28F}") = "Penggajian", "Penggajian New\Penggajian.vbproj", "{C39357B2-2A49-4981-9257-7AFA497A8A23}"
EndProject
Global
	GlobalSection(SolutionConfigurationPlatforms) = preSolution
		Debug|x86 = Debug|x86
		Release|x86 = Release|x86
	EndGlobalSection
	GlobalSection(ProjectConfigurationPlatforms) = postSolution
		{C39357B2-2A49-4981-9257-7AFA497A8A23}.Debug|x86.ActiveCfg = Debug|x86
		{C39357B2-2A49-4981-9257-7AFA497A8A23}.Debug|x86.Build.0 = Debug|x86
		{C39357B2-2A49-4981-9257-7AFA497A8A23}.Release|x86.ActiveCfg = Release|x86
		{C39357B2-2A49-4981-9257-7AFA497A8A23}.Release|x86.Build.0 = Release|x86
	EndGlobalSection
	GlobalSection(SolutionProperties) = preSolution
		HideSolutionNode = FALSE
	EndGlobalSection
EndGlobal
